
Microsoft Visual Studio Solution File, Format Version 12.00
# Visual Studio 15
VisualStudioVersion = 15.0.28307.1000
MinimumVisualStudioVersion = 10.0.40219.1
Project("{FAE04EC0-301F-11D3-BF4B-00C04F79EFBC}") = "GUI", "Punto_Venta_Abarrotes\GUI.csproj", "{8D6EA1AF-7936-419C-9F38-CB2EF45434FE}"
EndProject
Project("{FAE04EC0-301F-11D3-BF4B-00C04F79EFBC}") = "Business", "Business\Business.csproj", "{6BB30BE7-ED00-4A82-A2FA-41D086A55688}"
EndProject
Project("{FAE04EC0-301F-11D3-BF4B-00C04F79EFBC}") = "DAL", "DAL\DAL.csproj", "{FC6922DB-2A98-402D-B484-79E58D2B216F}"
EndProject
Global
	GlobalSection(SolutionConfigurationPlatforms) = preSolution
		Debug|Any CPU = Debug|Any CPU
		Release|Any CPU = Release|Any CPU
	EndGlobalSection
	GlobalSection(ProjectConfigurationPlatforms) = postSolution
		{8D6EA1AF-7936-419C-9F38-CB2EF45434FE}.Debug|Any CPU.ActiveCfg = Debug|Any CPU
		{8D6EA1AF-7936-419C-9F38-CB2EF45434FE}.Debug|Any CPU.Build.0 = Debug|Any CPU
		{8D6EA1AF-7936-419C-9F38-CB2EF45434FE}.Release|Any CPU.ActiveCfg = Release|Any CPU
		{8D6EA1AF-7936-419C-9F38-CB2EF45434FE}.Release|Any CPU.Build.0 = Release|Any CPU
		{6BB30BE7-ED00-4A82-A2FA-41D086A55688}.Debug|Any CPU.ActiveCfg = Debug|Any CPU
		{6BB30BE7-ED00-4A82-A2FA-41D086A55688}.Debug|Any CPU.Build.0 = Debug|Any CPU
		{6BB30BE7-ED00-4A82-A2FA-41D086A55688}.Release|Any CPU.ActiveCfg = Release|Any CPU
		{6BB30BE7-ED00-4A82-A2FA-41D086A55688}.Release|Any CPU.Build.0 = Release|Any CPU
		{FC6922DB-2A98-402D-B484-79E58D2B216F}.Debug|Any CPU.ActiveCfg = Debug|Any CPU
		{FC6922DB-2A98-402D-B484-79E58D2B216F}.Debug|Any CPU.Build.0 = Debug|Any CPU
		{FC6922DB-2A98-402D-B484-79E58D2B216F}.Release|Any CPU.ActiveCfg = Release|Any CPU
		{FC6922DB-2A98-402D-B484-79E58D2B216F}.Release|Any CPU.Build.0 = Release|Any CPU
	EndGlobalSection
	GlobalSection(SolutionProperties) = preSolution
		HideSolutionNode = FALSE
	EndGlobalSection
	GlobalSection(ExtensibilityGlobals) = postSolution
		SolutionGuid = {ACC58EC0-348C-4C10-9116-93F7C25EB0B7}
	EndGlobalSection
EndGlobal
